# This file is generated by running "yarn install" inside your project.
# Manual changes might be lost - proceed with caution!

__metadata:
  version: 8
  cacheKey: 10c0

"aoc-kit@npm:^1.1.6":
  version: 1.1.6
  resolution: "aoc-kit@npm:1.1.6"
  dependencies:
    axios: "npm:^1.2.1"
    cheerio: "npm:0.22.0"
    picocolors: "npm:^1.0.0"
  bin:
    aoc-kit: dist/bin/aoc-kit.js
  checksum: 0c253f8d5ec418f918cfe87821655899288f975926d01ce6c7af777bac9b6e4aeaf408346cf5fae8a1d428681e1907ac7ee2a823a8480e952a1df6ceb80a8872
  languageName: node
  linkType: hard

"aoc@workspace:.":
  version: 0.0.0-use.local
  resolution: "aoc@workspace:."
  dependencies:
    aoc-kit: "npm:^1.1.6"
  languageName: unknown
  linkType: soft

"asynckit@npm:^0.4.0":
  version: 0.4.0
  resolution: "asynckit@npm:0.4.0"
  checksum: d73e2ddf20c4eb9337e1b3df1a0f6159481050a5de457c55b14ea2e5cb6d90bb69e004c9af54737a5ee0917fcf2c9e25de67777bbe58261847846066ba75bc9d
  languageName: node
  linkType: hard

"axios@npm:^1.2.1":
  version: 1.6.2
  resolution: "axios@npm:1.6.2"
  dependencies:
    follow-redirects: "npm:^1.15.0"
    form-data: "npm:^4.0.0"
    proxy-from-env: "npm:^1.1.0"
  checksum: 9b77e030e85e4f9cbcba7bb52fbff67d6ce906c92d213e0bd932346a50140faf83733bf786f55bd58301bd92f9973885c7b87d6348023e10f7eaf286d0791a1d
  languageName: node
  linkType: hard

"boolbase@npm:~1.0.0":
  version: 1.0.0
  resolution: "boolbase@npm:1.0.0"
  checksum: e4b53deb4f2b85c52be0e21a273f2045c7b6a6ea002b0e139c744cb6f95e9ec044439a52883b0d74dedd1ff3da55ed140cfdddfed7fb0cccbed373de5dce1bcf
  languageName: node
  linkType: hard

"cheerio@npm:0.22.0":
  version: 0.22.0
  resolution: "cheerio@npm:0.22.0"
  dependencies:
    css-select: "npm:~1.2.0"
    dom-serializer: "npm:~0.1.0"
    entities: "npm:~1.1.1"
    htmlparser2: "npm:^3.9.1"
    lodash.assignin: "npm:^4.0.9"
    lodash.bind: "npm:^4.1.4"
    lodash.defaults: "npm:^4.0.1"
    lodash.filter: "npm:^4.4.0"
    lodash.flatten: "npm:^4.2.0"
    lodash.foreach: "npm:^4.3.0"
    lodash.map: "npm:^4.4.0"
    lodash.merge: "npm:^4.4.0"
    lodash.pick: "npm:^4.2.1"
    lodash.reduce: "npm:^4.4.0"
    lodash.reject: "npm:^4.4.0"
    lodash.some: "npm:^4.4.0"
  checksum: b067fadb3d0ada1f614ce27b2795c206df2c612ab066393f833c798ba29c73a610a3202567d2223658743026f5385cda61f6b52370b22f28a924e52883933340
  languageName: node
  linkType: hard

"combined-stream@npm:^1.0.8":
  version: 1.0.8
  resolution: "combined-stream@npm:1.0.8"
  dependencies:
    delayed-stream: "npm:~1.0.0"
  checksum: 0dbb829577e1b1e839fa82b40c07ffaf7de8a09b935cadd355a73652ae70a88b4320db322f6634a4ad93424292fa80973ac6480986247f1734a1137debf271d5
  languageName: node
  linkType: hard

"css-select@npm:~1.2.0":
  version: 1.2.0
  resolution: "css-select@npm:1.2.0"
  dependencies:
    boolbase: "npm:~1.0.0"
    css-what: "npm:2.1"
    domutils: "npm:1.5.1"
    nth-check: "npm:~1.0.1"
  checksum: 16e91cd4a8606e76eb2d93ded43e2d20fe315effa7e1dedf16e81fab5c6bbd18b394f78cb59c04e2dddc7d4c68e31a0617b7f4f196dff48398cf3ac83e78475c
  languageName: node
  linkType: hard

"css-what@npm:2.1":
  version: 2.1.3
  resolution: "css-what@npm:2.1.3"
  checksum: 4f1a25855be8bdfebdd431ccb084f6481951408dbf076eebf7a1c045ae45dd5651b32fe55deaa16a59e98eb25d5bb066dcf6bdff7aa3cc2ed5bdbe5fe1aa7fd7
  languageName: node
  linkType: hard

"delayed-stream@npm:~1.0.0":
  version: 1.0.0
  resolution: "delayed-stream@npm:1.0.0"
  checksum: d758899da03392e6712f042bec80aa293bbe9e9ff1b2634baae6a360113e708b91326594c8a486d475c69d6259afb7efacdc3537bfcda1c6c648e390ce601b19
  languageName: node
  linkType: hard

"dom-serializer@npm:0":
  version: 0.2.2
  resolution: "dom-serializer@npm:0.2.2"
  dependencies:
    domelementtype: "npm:^2.0.1"
    entities: "npm:^2.0.0"
  checksum: 5cb595fb77e1a23eca56742f47631e6f4af66ce1982c7ed28b3d0ef21f1f50304c067adc29d3eaf824c572be022cee88627d0ac9b929408f24e923f3c7bed37b
  languageName: node
  linkType: hard

"dom-serializer@npm:~0.1.0":
  version: 0.1.1
  resolution: "dom-serializer@npm:0.1.1"
  dependencies:
    domelementtype: "npm:^1.3.0"
    entities: "npm:^1.1.1"
  checksum: bb710d0a49dbe7b1019e8bf314102495e8894b9da188d00187c0ac52939ded630bc5f9eacc97bfa462d535cd321c734c0b02fefd5e4d93162ab886dccc6666f3
  languageName: node
  linkType: hard

"domelementtype@npm:1, domelementtype@npm:^1.3.0, domelementtype@npm:^1.3.1":
  version: 1.3.1
  resolution: "domelementtype@npm:1.3.1"
  checksum: 6d4f5761060a21eaf3c96545501e9d188745c7e1c31b8d141bf15d8748feeadba868f4ea32877751b8678b286fb1afbe6ae905ca3fb8f0214d8322e482cdbec0
  languageName: node
  linkType: hard

"domelementtype@npm:^2.0.1":
  version: 2.3.0
  resolution: "domelementtype@npm:2.3.0"
  checksum: 686f5a9ef0fff078c1412c05db73a0dce096190036f33e400a07e2a4518e9f56b1e324f5c576a0a747ef0e75b5d985c040b0d51945ce780c0dd3c625a18cd8c9
  languageName: node
  linkType: hard

"domhandler@npm:^2.3.0":
  version: 2.4.2
  resolution: "domhandler@npm:2.4.2"
  dependencies:
    domelementtype: "npm:1"
  checksum: 6670cab73e97e3c6771dcf22b537db3f6a0be0ad6b370f03bb5f1b585d3b563d326787fdabe1190b7ca9d81c804e9b3f8a1431159c27c44f6c05f94afa92be2d
  languageName: node
  linkType: hard

"domutils@npm:1.5.1":
  version: 1.5.1
  resolution: "domutils@npm:1.5.1"
  dependencies:
    dom-serializer: "npm:0"
    domelementtype: "npm:1"
  checksum: 8707a18c974be54d33fd846d174d523ddf4955b2fcc1ec713cbe6ff490f60da22106b153fea6269332477eb81dc1a25a83f5b2afaf78b6dc9e2161fd7b80f7ba
  languageName: node
  linkType: hard

"domutils@npm:^1.5.1":
  version: 1.7.0
  resolution: "domutils@npm:1.7.0"
  dependencies:
    dom-serializer: "npm:0"
    domelementtype: "npm:1"
  checksum: 437fcd2d6d6be03f488152e73c6f953e289c58496baa22be9626b2b46f9cfd40486ae77d144487ff6b102929a3231cdb9a8bf8ef485fb7b7c30c985daedc77eb
  languageName: node
  linkType: hard

"entities@npm:^1.1.1, entities@npm:~1.1.1":
  version: 1.1.2
  resolution: "entities@npm:1.1.2"
  checksum: 5b12fa8c4fb942f88af6f8791bbe7be0a59ebd91c8933cee091d94455efd1eeb200418c7b1bc8dd0f74cdd4db8cf4538eb043db14cfd1919130c25d8c6095215
  languageName: node
  linkType: hard

"entities@npm:^2.0.0":
  version: 2.2.0
  resolution: "entities@npm:2.2.0"
  checksum: 7fba6af1f116300d2ba1c5673fc218af1961b20908638391b4e1e6d5850314ee2ac3ec22d741b3a8060479911c99305164aed19b6254bde75e7e6b1b2c3f3aa3
  languageName: node
  linkType: hard

"follow-redirects@npm:^1.15.0":
  version: 1.15.3
  resolution: "follow-redirects@npm:1.15.3"
  peerDependenciesMeta:
    debug:
      optional: true
  checksum: 915a2cf22e667bdf47b1a43cc6b7dce14d95039e9bbf9a24d0e739abfbdfa00077dd43c86d4a7a19efefcc7a99af144920a175eedc3888d268af5df67c272ee5
  languageName: node
  linkType: hard

"form-data@npm:^4.0.0":
  version: 4.0.0
  resolution: "form-data@npm:4.0.0"
  dependencies:
    asynckit: "npm:^0.4.0"
    combined-stream: "npm:^1.0.8"
    mime-types: "npm:^2.1.12"
  checksum: cb6f3ac49180be03ff07ba3ff125f9eba2ff0b277fb33c7fc47569fc5e616882c5b1c69b9904c4c4187e97dd0419dd03b134174756f296dec62041e6527e2c6e
  languageName: node
  linkType: hard

"htmlparser2@npm:^3.9.1":
  version: 3.10.1
  resolution: "htmlparser2@npm:3.10.1"
  dependencies:
    domelementtype: "npm:^1.3.1"
    domhandler: "npm:^2.3.0"
    domutils: "npm:^1.5.1"
    entities: "npm:^1.1.1"
    inherits: "npm:^2.0.1"
    readable-stream: "npm:^3.1.1"
  checksum: b1424536ff062088501efa06a2afd478545d3134a5ad2e28bbe02dc2d092784982286b90f1c87fa3d86692958dbfb8936352dfd71d1cb2ff7cb61208c00fcdb1
  languageName: node
  linkType: hard

"inherits@npm:^2.0.1, inherits@npm:^2.0.3":
  version: 2.0.4
  resolution: "inherits@npm:2.0.4"
  checksum: 4e531f648b29039fb7426fb94075e6545faa1eb9fe83c29f0b6d9e7263aceb4289d2d4557db0d428188eeb449cc7c5e77b0a0b2c4e248ff2a65933a0dee49ef2
  languageName: node
  linkType: hard

"lodash.assignin@npm:^4.0.9":
  version: 4.2.0
  resolution: "lodash.assignin@npm:4.2.0"
  checksum: 40ac405acf5d6daf27fd40b50c99f823641a9ceba6bd282b18cb9989149204af584b5671f336587c2a263e367c3a2d1105cbf7bdc5ea33cbd0f829b02b16578a
  languageName: node
  linkType: hard

"lodash.bind@npm:^4.1.4":
  version: 4.2.1
  resolution: "lodash.bind@npm:4.2.1"
  checksum: e47ae564101c43940fab7f102dd9fb056ae6cc534a3b7bfbaecdf7216dac904ad762150e66a80d1bd5430da7eed4df90ba93996bb24030fad096b698d2ae15af
  languageName: node
  linkType: hard

"lodash.defaults@npm:^4.0.1":
  version: 4.2.0
  resolution: "lodash.defaults@npm:4.2.0"
  checksum: d5b77aeb702caa69b17be1358faece33a84497bcca814897383c58b28a2f8dfc381b1d9edbec239f8b425126a3bbe4916223da2a576bb0411c2cefd67df80707
  languageName: node
  linkType: hard

"lodash.filter@npm:^4.4.0":
  version: 4.6.0
  resolution: "lodash.filter@npm:4.6.0"
  checksum: bb65002f3ee02b94400b9d8728a46d3ac9fc3eb7df387b3c642f36eff82d716714283ca674889a29edae3c28ea8a4048e6c7bb90598670ab9c97b5d125bffda2
  languageName: node
  linkType: hard

"lodash.flatten@npm:^4.2.0":
  version: 4.4.0
  resolution: "lodash.flatten@npm:4.4.0"
  checksum: 97e8f0d6b61fe4723c02ad0c6e67e51784c4a2c48f56ef283483e556ad01594cf9cec9c773e177bbbdbdb5d19e99b09d2487cb6b6e5dc405c2693e93b125bd3a
  languageName: node
  linkType: hard

"lodash.foreach@npm:^4.3.0":
  version: 4.5.0
  resolution: "lodash.foreach@npm:4.5.0"
  checksum: bd9cc83e87e805b21058ce6cf718dd22db137c7ca08eddbd608549db59989911c571b7195707f615cb37f27bb4f9a9fa9980778940d768c24095f5a04b244c84
  languageName: node
  linkType: hard

"lodash.map@npm:^4.4.0":
  version: 4.6.0
  resolution: "lodash.map@npm:4.6.0"
  checksum: 919fe767fa58d3f8369ddd84346636eda71c88a8ef6bde1ca0d87dd37e71614da2ed8bcfc3018ca5b7741ebaf7c01c2d7078b510dca8ab6a0d0ecafd3dc1abcb
  languageName: node
  linkType: hard

"lodash.merge@npm:^4.4.0":
  version: 4.6.2
  resolution: "lodash.merge@npm:4.6.2"
  checksum: 402fa16a1edd7538de5b5903a90228aa48eb5533986ba7fa26606a49db2572bf414ff73a2c9f5d5fd36b31c46a5d5c7e1527749c07cbcf965ccff5fbdf32c506
  languageName: node
  linkType: hard

"lodash.pick@npm:^4.2.1":
  version: 4.4.0
  resolution: "lodash.pick@npm:4.4.0"
  checksum: a04c460b95d1aaa44e9513d1dacf72ea74d838da843e45831de9de64c303f13cdde1859702a6f4dcef417816898ffd47c6ae0614c957ac70245bed2809b8d2e2
  languageName: node
  linkType: hard

"lodash.reduce@npm:^4.4.0":
  version: 4.6.0
  resolution: "lodash.reduce@npm:4.6.0"
  checksum: 5d2dab823523a1a7f81eb5f4c1edcc03aab55504b1299a2385737389644ba6d2ad219169dfc5c16632a67a345d925ef6a5e8816b4e18a36f94ed66f8e7740b36
  languageName: node
  linkType: hard

"lodash.reject@npm:^4.4.0":
  version: 4.6.0
  resolution: "lodash.reject@npm:4.6.0"
  checksum: 653b5beb1641aeac8bd734775ef6517706897c49197dbe548788558c243434a89dd94b971866b04a0a1df411534db85e96ab7daeb8accf53650119a78de7355f
  languageName: node
  linkType: hard

"lodash.some@npm:^4.4.0":
  version: 4.6.0
  resolution: "lodash.some@npm:4.6.0"
  checksum: 9d3cdb1c8a2ed3d19b02ce146d4962a7859016f752b40fc143d78d3e70985259d6bea71c2c31b8e78f492830f49d755f1be2cdbf85461c54a523089e0c8c0e75
  languageName: node
  linkType: hard

"mime-db@npm:1.52.0":
  version: 1.52.0
  resolution: "mime-db@npm:1.52.0"
  checksum: 0557a01deebf45ac5f5777fe7740b2a5c309c6d62d40ceab4e23da9f821899ce7a900b7ac8157d4548ddbb7beffe9abc621250e6d182b0397ec7f10c7b91a5aa
  languageName: node
  linkType: hard

"mime-types@npm:^2.1.12":
  version: 2.1.35
  resolution: "mime-types@npm:2.1.35"
  dependencies:
    mime-db: "npm:1.52.0"
  checksum: 82fb07ec56d8ff1fc999a84f2f217aa46cb6ed1033fefaabd5785b9a974ed225c90dc72fff460259e66b95b73648596dbcc50d51ed69cdf464af2d237d3149b2
  languageName: node
  linkType: hard

"nth-check@npm:~1.0.1":
  version: 1.0.2
  resolution: "nth-check@npm:1.0.2"
  dependencies:
    boolbase: "npm:~1.0.0"
  checksum: 1a67ce53a99e276eea672f892d712b29f3e6802bbbef7285ffab72ecea4f972e8244defac1ebded0daffabf459def31355bb9c64e5657ac2ab032c13f185d0fd
  languageName: node
  linkType: hard

"picocolors@npm:^1.0.0":
  version: 1.0.0
  resolution: "picocolors@npm:1.0.0"
  checksum: 20a5b249e331c14479d94ec6817a182fd7a5680debae82705747b2db7ec50009a5f6648d0621c561b0572703f84dbef0858abcbd5856d3c5511426afcb1961f7
  languageName: node
  linkType: hard

"proxy-from-env@npm:^1.1.0":
  version: 1.1.0
  resolution: "proxy-from-env@npm:1.1.0"
  checksum: fe7dd8b1bdbbbea18d1459107729c3e4a2243ca870d26d34c2c1bcd3e4425b7bcc5112362df2d93cc7fb9746f6142b5e272fd1cc5c86ddf8580175186f6ad42b
  languageName: node
  linkType: hard

"readable-stream@npm:^3.1.1":
  version: 3.6.2
  resolution: "readable-stream@npm:3.6.2"
  dependencies:
    inherits: "npm:^2.0.3"
    string_decoder: "npm:^1.1.1"
    util-deprecate: "npm:^1.0.1"
  checksum: e37be5c79c376fdd088a45fa31ea2e423e5d48854be7a22a58869b4e84d25047b193f6acb54f1012331e1bcd667ffb569c01b99d36b0bd59658fb33f513511b7
  languageName: node
  linkType: hard

"safe-buffer@npm:~5.2.0":
  version: 5.2.1
  resolution: "safe-buffer@npm:5.2.1"
  checksum: 6501914237c0a86e9675d4e51d89ca3c21ffd6a31642efeba25ad65720bce6921c9e7e974e5be91a786b25aa058b5303285d3c15dbabf983a919f5f630d349f3
  languageName: node
  linkType: hard

"string_decoder@npm:^1.1.1":
  version: 1.3.0
  resolution: "string_decoder@npm:1.3.0"
  dependencies:
    safe-buffer: "npm:~5.2.0"
  checksum: 810614ddb030e271cd591935dcd5956b2410dd079d64ff92a1844d6b7588bf992b3e1b69b0f4d34a3e06e0bd73046ac646b5264c1987b20d0601f81ef35d731d
  languageName: node
  linkType: hard

"util-deprecate@npm:^1.0.1":
  version: 1.0.2
  resolution: "util-deprecate@npm:1.0.2"
  checksum: 41a5bdd214df2f6c3ecf8622745e4a366c4adced864bc3c833739791aeeeb1838119af7daed4ba36428114b5c67dcda034a79c882e97e43c03e66a4dd7389942
  languageName: node
  linkType: hard
